
Microsoft Visual Studio Solution File, Format Version 12.00
# Visual Studio Version 16
VisualStudioVersion = 16.0.30907.101
MinimumVisualStudioVersion = 10.0.40219.1
Project("{9A19103F-16F7-4668-BE54-9A1E7A4F7556}") = "Hadasim4-ex2", "Hadasim4-ex2\Hadasim4-ex2.csproj", "{81449604-CA77-48F3-BEAC-A63BADA7338F}"
EndProject
Project("{FAE04EC0-301F-11D3-BF4B-00C04F79EFBC}") = "ViewCoronaManagment", "ViewCoronaManagment\ViewCoronaManagment.csproj", "{25CD2072-E8B0-4560-AD36-22827D1F15E4}"
EndProject
Global
	GlobalSection(SolutionConfigurationPlatforms) = preSolution
		Debug|Any CPU = Debug|Any CPU
		Release|Any CPU = Release|Any CPU
	EndGlobalSection
	GlobalSection(ProjectConfigurationPlatforms) = postSolution
		{81449604-CA77-48F3-BEAC-A63BADA7338F}.Debug|Any CPU.ActiveCfg = Debug|Any CPU
		{81449604-CA77-48F3-BEAC-A63BADA7338F}.Debug|Any CPU.Build.0 = Debug|Any CPU
		{81449604-CA77-48F3-BEAC-A63BADA7338F}.Release|Any CPU.ActiveCfg = Release|Any CPU
		{81449604-CA77-48F3-BEAC-A63BADA7338F}.Release|Any CPU.Build.0 = Release|Any CPU
		{25CD2072-E8B0-4560-AD36-22827D1F15E4}.Debug|Any CPU.ActiveCfg = Debug|Any CPU
		{25CD2072-E8B0-4560-AD36-22827D1F15E4}.Debug|Any CPU.Build.0 = Debug|Any CPU
		{25CD2072-E8B0-4560-AD36-22827D1F15E4}.Release|Any CPU.ActiveCfg = Release|Any CPU
		{25CD2072-E8B0-4560-AD36-22827D1F15E4}.Release|Any CPU.Build.0 = Release|Any CPU
	EndGlobalSection
	GlobalSection(SolutionProperties) = preSolution
		HideSolutionNode = FALSE
	EndGlobalSection
	GlobalSection(ExtensibilityGlobals) = postSolution
		SolutionGuid = {909A1F9A-FAFA-4824-8CA7-5E5F73D07A8B}
	EndGlobalSection
EndGlobal
